
Microsoft Visual Studio Solution File, Format Version 12.00
# Visual Studio 2013
VisualStudioVersion = 12.0.21005.1
MinimumVisualStudioVersion = 10.0.40219.1
Project("{FAE04EC0-301F-11D3-BF4B-00C04F79EFBC}") = "OnlineBookStore", "OnlineBookStore\OnlineBookStore.csproj", "{B878A4B7-9988-4E80-A08F-A1087E550506}"
EndProject
Project("{FAE04EC0-301F-11D3-BF4B-00C04F79EFBC}") = "OnlineBookStore.Tests", "OnlineBookStore.Tests\OnlineBookStore.Tests.csproj", "{E641EC93-876F-4D58-8FCC-2795CD33EC95}"
EndProject
Global
	GlobalSection(SolutionConfigurationPlatforms) = preSolution
		Debug|Any CPU = Debug|Any CPU
		Release|Any CPU = Release|Any CPU
	EndGlobalSection
	GlobalSection(ProjectConfigurationPlatforms) = postSolution
		{B878A4B7-9988-4E80-A08F-A1087E550506}.Debug|Any CPU.ActiveCfg = Debug|Any CPU
		{B878A4B7-9988-4E80-A08F-A1087E550506}.Debug|Any CPU.Build.0 = Debug|Any CPU
		{B878A4B7-9988-4E80-A08F-A1087E550506}.Release|Any CPU.ActiveCfg = Release|Any CPU
		{B878A4B7-9988-4E80-A08F-A1087E550506}.Release|Any CPU.Build.0 = Release|Any CPU
		{E641EC93-876F-4D58-8FCC-2795CD33EC95}.Debug|Any CPU.ActiveCfg = Debug|Any CPU
		{E641EC93-876F-4D58-8FCC-2795CD33EC95}.Debug|Any CPU.Build.0 = Debug|Any CPU
		{E641EC93-876F-4D58-8FCC-2795CD33EC95}.Release|Any CPU.ActiveCfg = Release|Any CPU
		{E641EC93-876F-4D58-8FCC-2795CD33EC95}.Release|Any CPU.Build.0 = Release|Any CPU
	EndGlobalSection
	GlobalSection(SolutionProperties) = preSolution
		HideSolutionNode = FALSE
	EndGlobalSection
EndGlobal
